
Microsoft Visual Studio Solution File, Format Version 11.00
# Visual Studio 2010
Project("{E24C65DC-7377-472B-9ABA-BC803B73C61A}") = "ServerSideRADWebStore-master", "..\..\..\..\Desktop\ServerSideRADWebStore-master\", "{2C395400-1542-4643-8B00-ABF47CC0D3F8}"
	ProjectSection(WebsiteProperties) = preProject
		TargetFrameworkMoniker = ".NETFramework,Version%3Dv4.0"
		Debug.AspNetCompiler.VirtualPath = "/ServerSideRADWebStore-master"
		Debug.AspNetCompiler.PhysicalPath = "..\..\..\..\Desktop\ServerSideRADWebStore-master\"
		Debug.AspNetCompiler.TargetPath = "PrecompiledWeb\ServerSideRADWebStore-master\"
		Debug.AspNetCompiler.Updateable = "true"
		Debug.AspNetCompiler.ForceOverwrite = "true"
		Debug.AspNetCompiler.FixedNames = "false"
		Debug.AspNetCompiler.Debug = "True"
		Release.AspNetCompiler.VirtualPath = "/ServerSideRADWebStore-master"
		Release.AspNetCompiler.PhysicalPath = "..\..\..\..\Desktop\ServerSideRADWebStore-master\"
		Release.AspNetCompiler.TargetPath = "PrecompiledWeb\ServerSideRADWebStore-master\"
		Release.AspNetCompiler.Updateable = "true"
		Release.AspNetCompiler.ForceOverwrite = "true"
		Release.AspNetCompiler.FixedNames = "false"
		Release.AspNetCompiler.Debug = "False"
		VWDPort = "52880"
	EndProjectSection
EndProject
Global
	GlobalSection(SolutionConfigurationPlatforms) = preSolution
		Debug|Any CPU = Debug|Any CPU
	EndGlobalSection
	GlobalSection(ProjectConfigurationPlatforms) = postSolution
		{2C395400-1542-4643-8B00-ABF47CC0D3F8}.Debug|Any CPU.ActiveCfg = Debug|Any CPU
		{2C395400-1542-4643-8B00-ABF47CC0D3F8}.Debug|Any CPU.Build.0 = Debug|Any CPU
	EndGlobalSection
	GlobalSection(SolutionProperties) = preSolution
		HideSolutionNode = FALSE
	EndGlobalSection
EndGlobal
